// !$*UTF8*$!
{
	archiveVersion = 1;
	classes = {
	};
	objectVersion = 77;
	objects = {

/* Begin PBXBuildFile section */
		AF362CBF2CACB02100506443 /* GoogleService-Info.plist in Resources */ = {isa = PBXBuildFile; fileRef = AF362CBE2CACB02100506443 /* GoogleService-Info.plist */; };
		AF362CC32CACB14900506443 /* FirebaseAnalytics in Frameworks */ = {isa = PBXBuildFile; productRef = AF362CC22CACB14900506443 /* FirebaseAnalytics */; };
		AF362CC52CACB14900506443 /* FirebaseAnalyticsOnDeviceConversion in Frameworks */ = {isa = PBXBuildFile; productRef = AF362CC42CACB14900506443 /* FirebaseAnalyticsOnDeviceConversion */; };
		AF362CC72CACB14900506443 /* FirebaseAnalyticsWithoutAdIdSupport in Frameworks */ = {isa = PBXBuildFile; productRef = AF362CC62CACB14900506443 /* FirebaseAnalyticsWithoutAdIdSupport */; };
		AF362CC92CACB14900506443 /* FirebaseAppCheck in Frameworks */ = {isa = PBXBuildFile; productRef = AF362CC82CACB14900506443 /* FirebaseAppCheck */; };
		AF362CCB2CACB14900506443 /* FirebaseAppDistribution-Beta in Frameworks */ = {isa = PBXBuildFile; productRef = AF362CCA2CACB14900506443 /* FirebaseAppDistribution-Beta */; };
/* End PBXBuildFile section */

/* Begin PBXContainerItemProxy section */
		AF362C9C2CACAAB700506443 /* PBXContainerItemProxy */ = {
			isa = PBXContainerItemProxy;
			containerPortal = AF362C832CACAAB400506443 /* Project object */;
			proxyType = 1;
			remoteGlobalIDString = AF362C8A2CACAAB400506443;
			remoteInfo = BordADA;
		};
		AF362CA62CACAAB700506443 /* PBXContainerItemProxy */ = {
			isa = PBXContainerItemProxy;
			containerPortal = AF362C832CACAAB400506443 /* Project object */;
			proxyType = 1;
			remoteGlobalIDString = AF362C8A2CACAAB400506443;
			remoteInfo = BordADA;
		};
/* End PBXContainerItemProxy section */

/* Begin PBXFileReference section */
		AF362C8B2CACAAB400506443 /* BordADA.app */ = {isa = PBXFileReference; explicitFileType = wrapper.application; includeInIndex = 0; path = BordADA.app; sourceTree = BUILT_PRODUCTS_DIR; };
		AF362C9B2CACAAB700506443 /* BordADATests.xctest */ = {isa = PBXFileReference; explicitFileType = wrapper.cfbundle; includeInIndex = 0; path = BordADATests.xctest; sourceTree = BUILT_PRODUCTS_DIR; };
		AF362CA52CACAAB700506443 /* BordADAUITests.xctest */ = {isa = PBXFileReference; explicitFileType = wrapper.cfbundle; includeInIndex = 0; path = BordADAUITests.xctest; sourceTree = BUILT_PRODUCTS_DIR; };
		AF362CBE2CACB02100506443 /* GoogleService-Info.plist */ = {isa = PBXFileReference; lastKnownFileType = text.plist.xml; path = "GoogleService-Info.plist"; sourceTree = "<group>"; };
/* End PBXFileReference section */

/* Begin PBXFileSystemSynchronizedRootGroup section */
		AF362C8D2CACAAB400506443 /* BordADA */ = {
			isa = PBXFileSystemSynchronizedRootGroup;
			path = BordADA;
			sourceTree = "<group>";
		};
		AF362C9E2CACAAB700506443 /* BordADATests */ = {
			isa = PBXFileSystemSynchronizedRootGroup;
			path = BordADATests;
			sourceTree = "<group>";
		};
		AF362CA82CACAAB700506443 /* BordADAUITests */ = {
			isa = PBXFileSystemSynchronizedRootGroup;
			path = BordADAUITests;
			sourceTree = "<group>";
		};
/* End PBXFileSystemSynchronizedRootGroup section */

/* Begin PBXFrameworksBuildPhase section */
		AF362C882CACAAB400506443 /* Frameworks */ = {
			isa = PBXFrameworksBuildPhase;
			buildActionMask = 2147483647;
			files = (
				AF362CC92CACB14900506443 /* FirebaseAppCheck in Frameworks */,
				AF362CC32CACB14900506443 /* FirebaseAnalytics in Frameworks */,
				AF362CCB2CACB14900506443 /* FirebaseAppDistribution-Beta in Frameworks */,
				AF362CC72CACB14900506443 /* FirebaseAnalyticsWithoutAdIdSupport in Frameworks */,
				AF362CC52CACB14900506443 /* FirebaseAnalyticsOnDeviceConversion in Frameworks */,
			);
			runOnlyForDeploymentPostprocessing = 0;
		};
		AF362C982CACAAB700506443 /* Frameworks */ = {
			isa = PBXFrameworksBuildPhase;
			buildActionMask = 2147483647;
			files = (
			);
			runOnlyForDeploymentPostprocessing = 0;
		};
		AF362CA22CACAAB700506443 /* Frameworks */ = {
			isa = PBXFrameworksBuildPhase;
			buildActionMask = 2147483647;
			files = (
			);
			runOnlyForDeploymentPostprocessing = 0;
		};
/* End PBXFrameworksBuildPhase section */

/* Begin PBXGroup section */
		AF362C822CACAAB400506443 = {
			isa = PBXGroup;
			children = (
				AF362C8D2CACAAB400506443 /* BordADA */,
				AF362C9E2CACAAB700506443 /* BordADATests */,
				AF362CA82CACAAB700506443 /* BordADAUITests */,
				AF362C8C2CACAAB400506443 /* Products */,
				AF362CBE2CACB02100506443 /* GoogleService-Info.plist */,
			);
			sourceTree = "<group>";
		};
		AF362C8C2CACAAB400506443 /* Products */ = {
			isa = PBXGroup;
			children = (
				AF362C8B2CACAAB400506443 /* BordADA.app */,
				AF362C9B2CACAAB700506443 /* BordADATests.xctest */,
				AF362CA52CACAAB700506443 /* BordADAUITests.xctest */,
			);
			name = Products;
			sourceTree = "<group>";
		};
/* End PBXGroup section */

/* Begin PBXNativeTarget section */
		AF362C8A2CACAAB400506443 /* BordADA */ = {
			isa = PBXNativeTarget;
			buildConfigurationList = AF362CAF2CACAAB700506443 /* Build configuration list for PBXNativeTarget "BordADA" */;
			buildPhases = (
				AF362C872CACAAB400506443 /* Sources */,
				AF362C882CACAAB400506443 /* Frameworks */,
				AF362C892CACAAB400506443 /* Resources */,
			);
			buildRules = (
			);
			dependencies = (
			);
			fileSystemSynchronizedGroups = (
				AF362C8D2CACAAB400506443 /* BordADA */,
			);
			name = BordADA;
			packageProductDependencies = (
				AF362CC22CACB14900506443 /* FirebaseAnalytics */,
				AF362CC42CACB14900506443 /* FirebaseAnalyticsOnDeviceConversion */,
				AF362CC62CACB14900506443 /* FirebaseAnalyticsWithoutAdIdSupport */,
				AF362CC82CACB14900506443 /* FirebaseAppCheck */,
				AF362CCA2CACB14900506443 /* FirebaseAppDistribution-Beta */,
			);
			productName = BordADA;
			productReference = AF362C8B2CACAAB400506443 /* BordADA.app */;
			productType = "com.apple.product-type.application";
		};
		AF362C9A2CACAAB700506443 /* BordADATests */ = {
			isa = PBXNativeTarget;
			buildConfigurationList = AF362CB22CACAAB700506443 /* Build configuration list for PBXNativeTarget "BordADATests" */;
			buildPhases = (
				AF362C972CACAAB700506443 /* Sources */,
				AF362C982CACAAB700506443 /* Frameworks */,
				AF362C992CACAAB700506443 /* Resources */,
			);
			buildRules = (
			);
			dependencies = (
				AF362C9D2CACAAB700506443 /* PBXTargetDependency */,
			);
			fileSystemSynchronizedGroups = (
				AF362C9E2CACAAB700506443 /* BordADATests */,
			);
			name = BordADATests;
			packageProductDependencies = (
			);
			productName = BordADATests;
			productReference = AF362C9B2CACAAB700506443 /* BordADATests.xctest */;
			productType = "com.apple.product-type.bundle.unit-test";
		};
		AF362CA42CACAAB700506443 /* BordADAUITests */ = {
			isa = PBXNativeTarget;
			buildConfigurationList = AF362CB52CACAAB700506443 /* Build configuration list for PBXNativeTarget "BordADAUITests" */;
			buildPhases = (
				AF362CA12CACAAB700506443 /* Sources */,
				AF362CA22CACAAB700506443 /* Frameworks */,
				AF362CA32CACAAB700506443 /* Resources */,
			);
			buildRules = (
			);
			dependencies = (
				AF362CA72CACAAB700506443 /* PBXTargetDependency */,
			);
			fileSystemSynchronizedGroups = (
				AF362CA82CACAAB700506443 /* BordADAUITests */,
			);
			name = BordADAUITests;
			packageProductDependencies = (
			);
			productName = BordADAUITests;
			productReference = AF362CA52CACAAB700506443 /* BordADAUITests.xctest */;
			productType = "com.apple.product-type.bundle.ui-testing";
		};
/* End PBXNativeTarget section */

/* Begin PBXProject section */
		AF362C832CACAAB400506443 /* Project object */ = {
			isa = PBXProject;
			attributes = {
				BuildIndependentTargetsInParallel = 1;
				LastSwiftUpdateCheck = 1600;
				LastUpgradeCheck = 1600;
				TargetAttributes = {
					AF362C8A2CACAAB400506443 = {
						CreatedOnToolsVersion = 16.0;
					};
					AF362C9A2CACAAB700506443 = {
						CreatedOnToolsVersion = 16.0;
						TestTargetID = AF362C8A2CACAAB400506443;
					};
					AF362CA42CACAAB700506443 = {
						CreatedOnToolsVersion = 16.0;
						TestTargetID = AF362C8A2CACAAB400506443;
					};
				};
			};
			buildConfigurationList = AF362C862CACAAB400506443 /* Build configuration list for PBXProject "BordADA" */;
			developmentRegion = en;
			hasScannedForEncodings = 0;
			knownRegions = (
				en,
				Base,
			);
			mainGroup = AF362C822CACAAB400506443;
			minimizedProjectReferenceProxies = 1;
			packageReferences = (
				AF362CC12CACB14900506443 /* XCRemoteSwiftPackageReference "firebase-ios-sdk" */,
			);
			preferredProjectObjectVersion = 77;
			productRefGroup = AF362C8C2CACAAB400506443 /* Products */;
			projectDirPath = "";
			projectRoot = "";
			targets = (
				AF362C8A2CACAAB400506443 /* BordADA */,
				AF362C9A2CACAAB700506443 /* BordADATests */,
				AF362CA42CACAAB700506443 /* BordADAUITests */,
			);
		};
/* End PBXProject section */

/* Begin PBXResourcesBuildPhase section */
		AF362C892CACAAB400506443 /* Resources */ = {
			isa = PBXResourcesBuildPhase;
			buildActionMask = 2147483647;
			files = (
				AF362CBF2CACB02100506443 /* GoogleService-Info.plist in Resources */,
			);
			runOnlyForDeploymentPostprocessing = 0;
		};
		AF362C992CACAAB700506443 /* Resources */ = {
			isa = PBXResourcesBuildPhase;
			buildActionMask = 2147483647;
			files = (
			);
			runOnlyForDeploymentPostprocessing = 0;
		};
		AF362CA32CACAAB700506443 /* Resources */ = {
			isa = PBXResourcesBuildPhase;
			buildActionMask = 2147483647;
			files = (
			);
			runOnlyForDeploymentPostprocessing = 0;
		};
/* End PBXResourcesBuildPhase section */

/* Begin PBXSourcesBuildPhase section */
		AF362C872CACAAB400506443 /* Sources */ = {
			isa = PBXSourcesBuildPhase;
			buildActionMask = 2147483647;
			files = (
			);
			runOnlyForDeploymentPostprocessing = 0;
		};
		AF362C972CACAAB700506443 /* Sources */ = {
			isa = PBXSourcesBuildPhase;
			buildActionMask = 2147483647;
			files = (
			);
			runOnlyForDeploymentPostprocessing = 0;
		};
		AF362CA12CACAAB700506443 /* Sources */ = {
			isa = PBXSourcesBuildPhase;
			buildActionMask = 2147483647;
			files = (
			);
			runOnlyForDeploymentPostprocessing = 0;
		};
/* End PBXSourcesBuildPhase section */

/* Begin PBXTargetDependency section */
		AF362C9D2CACAAB700506443 /* PBXTargetDependency */ = {
			isa = PBXTargetDependency;
			target = AF362C8A2CACAAB400506443 /* BordADA */;
			targetProxy = AF362C9C2CACAAB700506443 /* PBXContainerItemProxy */;
		};
		AF362CA72CACAAB700506443 /* PBXTargetDependency */ = {
			isa = PBXTargetDependency;
			target = AF362C8A2CACAAB400506443 /* BordADA */;
			targetProxy = AF362CA62CACAAB700506443 /* PBXContainerItemProxy */;
		};
/* End PBXTargetDependency section */

/* Begin XCBuildConfiguration section */
		AF362CAD2CACAAB700506443 /* Debug */ = {
			isa = XCBuildConfiguration;
			buildSettings = {
				ALWAYS_SEARCH_USER_PATHS = NO;
				ASSETCATALOG_COMPILER_GENERATE_SWIFT_ASSET_SYMBOL_EXTENSIONS = YES;
				CLANG_ANALYZER_NONNULL = YES;
				CLANG_ANALYZER_NUMBER_OBJECT_CONVERSION = YES_AGGRESSIVE;
				CLANG_CXX_LANGUAGE_STANDARD = "gnu++20";
				CLANG_ENABLE_MODULES = YES;
				CLANG_ENABLE_OBJC_ARC = YES;
				CLANG_ENABLE_OBJC_WEAK = YES;
				CLANG_WARN_BLOCK_CAPTURE_AUTORELEASING = YES;
				CLANG_WARN_BOOL_CONVERSION = YES;
				CLANG_WARN_COMMA = YES;
				CLANG_WARN_CONSTANT_CONVERSION = YES;
				CLANG_WARN_DEPRECATED_OBJC_IMPLEMENTATIONS = YES;
				CLANG_WARN_DIRECT_OBJC_ISA_USAGE = YES_ERROR;
				CLANG_WARN_DOCUMENTATION_COMMENTS = YES;
				CLANG_WARN_EMPTY_BODY = YES;
				CLANG_WARN_ENUM_CONVERSION = YES;
				CLANG_WARN_INFINITE_RECURSION = YES;
				CLANG_WARN_INT_CONVERSION = YES;
				CLANG_WARN_NON_LITERAL_NULL_CONVERSION = YES;
				CLANG_WARN_OBJC_IMPLICIT_RETAIN_SELF = YES;
				CLANG_WARN_OBJC_LITERAL_CONVERSION = YES;
				CLANG_WARN_OBJC_ROOT_CLASS = YES_ERROR;
				CLANG_WARN_QUOTED_INCLUDE_IN_FRAMEWORK_HEADER = YES;
				CLANG_WARN_RANGE_LOOP_ANALYSIS = YES;
				CLANG_WARN_STRICT_PROTOTYPES = YES;
				CLANG_WARN_SUSPICIOUS_MOVE = YES;
				CLANG_WARN_UNGUARDED_AVAILABILITY = YES_AGGRESSIVE;
				CLANG_WARN_UNREACHABLE_CODE = YES;
				CLANG_WARN__DUPLICATE_METHOD_MATCH = YES;
				COPY_PHASE_STRIP = NO;
				DEBUG_INFORMATION_FORMAT = dwarf;
				ENABLE_STRICT_OBJC_MSGSEND = YES;
				ENABLE_TESTABILITY = YES;
				ENABLE_USER_SCRIPT_SANDBOXING = YES;
				GCC_C_LANGUAGE_STANDARD = gnu17;
				GCC_DYNAMIC_NO_PIC = NO;
				GCC_NO_COMMON_BLOCKS = YES;
				GCC_OPTIMIZATION_LEVEL = 0;
				GCC_PREPROCESSOR_DEFINITIONS = (
					"DEBUG=1",
					"$(inherited)",
				);
				GCC_WARN_64_TO_32_BIT_CONVERSION = YES;
				GCC_WARN_ABOUT_RETURN_TYPE = YES_ERROR;
				GCC_WARN_UNDECLARED_SELECTOR = YES;
				GCC_WARN_UNINITIALIZED_AUTOS = YES_AGGRESSIVE;
				GCC_WARN_UNUSED_FUNCTION = YES;
				GCC_WARN_UNUSED_VARIABLE = YES;
				IPHONEOS_DEPLOYMENT_TARGET = 18.0;
				LOCALIZATION_PREFERS_STRING_CATALOGS = YES;
				MTL_ENABLE_DEBUG_INFO = INCLUDE_SOURCE;
				MTL_FAST_MATH = YES;
				ONLY_ACTIVE_ARCH = YES;
				SDKROOT = iphoneos;
				SWIFT_ACTIVE_COMPILATION_CONDITIONS = "DEBUG $(inherited)";
				SWIFT_OPTIMIZATION_LEVEL = "-Onone";
			};
			name = Debug;
		};
		AF362CAE2CACAAB700506443 /* Release */ = {
			isa = XCBuildConfiguration;
			buildSettings = {
				ALWAYS_SEARCH_USER_PATHS = NO;
				ASSETCATALOG_COMPILER_GENERATE_SWIFT_ASSET_SYMBOL_EXTENSIONS = YES;
				CLANG_ANALYZER_NONNULL = YES;
				CLANG_ANALYZER_NUMBER_OBJECT_CONVERSION = YES_AGGRESSIVE;
				CLANG_CXX_LANGUAGE_STANDARD = "gnu++20";
				CLANG_ENABLE_MODULES = YES;
				CLANG_ENABLE_OBJC_ARC = YES;
				CLANG_ENABLE_OBJC_WEAK = YES;
				CLANG_WARN_BLOCK_CAPTURE_AUTORELEASING = YES;
				CLANG_WARN_BOOL_CONVERSION = YES;
				CLANG_WARN_COMMA = YES;
				CLANG_WARN_CONSTANT_CONVERSION = YES;
				CLANG_WARN_DEPRECATED_OBJC_IMPLEMENTATIONS = YES;
				CLANG_WARN_DIRECT_OBJC_ISA_USAGE = YES_ERROR;
				CLANG_WARN_DOCUMENTATION_COMMENTS = YES;
				CLANG_WARN_EMPTY_BODY = YES;
				CLANG_WARN_ENUM_CONVERSION = YES;
				CLANG_WARN_INFINITE_RECURSION = YES;
				CLANG_WARN_INT_CONVERSION = YES;
				CLANG_WARN_NON_LITERAL_NULL_CONVERSION = YES;
				CLANG_WARN_OBJC_IMPLICIT_RETAIN_SELF = YES;
				CLANG_WARN_OBJC_LITERAL_CONVERSION = YES;
				CLANG_WARN_OBJC_ROOT_CLASS = YES_ERROR;
				CLANG_WARN_QUOTED_INCLUDE_IN_FRAMEWORK_HEADER = YES;
				CLANG_WARN_RANGE_LOOP_ANALYSIS = YES;
				CLANG_WARN_STRICT_PROTOTYPES = YES;
				CLANG_WARN_SUSPICIOUS_MOVE = YES;
				CLANG_WARN_UNGUARDED_AVAILABILITY = YES_AGGRESSIVE;
				CLANG_WARN_UNREACHABLE_CODE = YES;
				CLANG_WARN__DUPLICATE_METHOD_MATCH = YES;
				COPY_PHASE_STRIP = NO;
				DEBUG_INFORMATION_FORMAT = "dwarf-with-dsym";
				ENABLE_NS_ASSERTIONS = NO;
				ENABLE_STRICT_OBJC_MSGSEND = YES;
				ENABLE_USER_SCRIPT_SANDBOXING = YES;
				GCC_C_LANGUAGE_STANDARD = gnu17;
				GCC_NO_COMMON_BLOCKS = YES;
				GCC_WARN_64_TO_32_BIT_CONVERSION = YES;
				GCC_WARN_ABOUT_RETURN_TYPE = YES_ERROR;
				GCC_WARN_UNDECLARED_SELECTOR = YES;
				GCC_WARN_UNINITIALIZED_AUTOS = YES_AGGRESSIVE;
				GCC_WARN_UNUSED_FUNCTION = YES;
				GCC_WARN_UNUSED_VARIABLE = YES;
				IPHONEOS_DEPLOYMENT_TARGET = 18.0;
				LOCALIZATION_PREFERS_STRING_CATALOGS = YES;
				MTL_ENABLE_DEBUG_INFO = NO;
				MTL_FAST_MATH = YES;
				SDKROOT = iphoneos;
				SWIFT_COMPILATION_MODE = wholemodule;
				VALIDATE_PRODUCT = YES;
			};
			name = Release;
		};
		AF362CB02CACAAB700506443 /* Debug */ = {
			isa = XCBuildConfiguration;
			buildSettings = {
				ASSETCATALOG_COMPILER_APPICON_NAME = AppIcon;
				ASSETCATALOG_COMPILER_GLOBAL_ACCENT_COLOR_NAME = AccentColor;
				CODE_SIGN_STYLE = Automatic;
				CURRENT_PROJECT_VERSION = 1;
				DEVELOPMENT_ASSET_PATHS = "\"BordADA/Preview Content\"";
				DEVELOPMENT_TEAM = L2AH2M48T4;
				ENABLE_PREVIEWS = YES;
				GENERATE_INFOPLIST_FILE = YES;
				INFOPLIST_KEY_UIApplicationSceneManifest_Generation = YES;
				INFOPLIST_KEY_UIApplicationSupportsIndirectInputEvents = YES;
				INFOPLIST_KEY_UILaunchScreen_Generation = YES;
				INFOPLIST_KEY_UISupportedInterfaceOrientations_iPad = "UIInterfaceOrientationPortrait UIInterfaceOrientationPortraitUpsideDown UIInterfaceOrientationLandscapeLeft UIInterfaceOrientationLandscapeRight";
				INFOPLIST_KEY_UISupportedInterfaceOrientations_iPhone = "UIInterfaceOrientationPortrait UIInterfaceOrientationLandscapeLeft UIInterfaceOrientationLandscapeRight";
				LD_RUNPATH_SEARCH_PATHS = (
					"$(inherited)",
					"@executable_path/Frameworks",
				);
				MARKETING_VERSION = 1.0;
				PRODUCT_BUNDLE_IDENTIFIER = academy.pucpr.BordADA;
				PRODUCT_NAME = "$(TARGET_NAME)";
				SWIFT_EMIT_LOC_STRINGS = YES;
				SWIFT_VERSION = 5.0;
				TARGETED_DEVICE_FAMILY = "1,2";
			};
			name = Debug;
		};
		AF362CB12CACAAB700506443 /* Release */ = {
			isa = XCBuildConfiguration;
			buildSettings = {
				ASSETCATALOG_COMPILER_APPICON_NAME = AppIcon;
				ASSETCATALOG_COMPILER_GLOBAL_ACCENT_COLOR_NAME = AccentColor;
				CODE_SIGN_STYLE = Automatic;
				CURRENT_PROJECT_VERSION = 1;
				DEVELOPMENT_ASSET_PATHS = "\"BordADA/Preview Content\"";
				DEVELOPMENT_TEAM = L2AH2M48T4;
				ENABLE_PREVIEWS = YES;
				GENERATE_INFOPLIST_FILE = YES;
				INFOPLIST_KEY_UIApplicationSceneManifest_Generation = YES;
				INFOPLIST_KEY_UIApplicationSupportsIndirectInputEvents = YES;
				INFOPLIST_KEY_UILaunchScreen_Generation = YES;
				INFOPLIST_KEY_UISupportedInterfaceOrientations_iPad = "UIInterfaceOrientationPortrait UIInterfaceOrientationPortraitUpsideDown UIInterfaceOrientationLandscapeLeft UIInterfaceOrientationLandscapeRight";
				INFOPLIST_KEY_UISupportedInterfaceOrientations_iPhone = "UIInterfaceOrientationPortrait UIInterfaceOrientationLandscapeLeft UIInterfaceOrientationLandscapeRight";
				LD_RUNPATH_SEARCH_PATHS = (
					"$(inherited)",
					"@executable_path/Frameworks",
				);
				MARKETING_VERSION = 1.0;
				PRODUCT_BUNDLE_IDENTIFIER = academy.pucpr.BordADA;
				PRODUCT_NAME = "$(TARGET_NAME)";
				SWIFT_EMIT_LOC_STRINGS = YES;
				SWIFT_VERSION = 5.0;
				TARGETED_DEVICE_FAMILY = "1,2";
			};
			name = Release;
		};
		AF362CB32CACAAB700506443 /* Debug */ = {
			isa = XCBuildConfiguration;
			buildSettings = {
				BUNDLE_LOADER = "$(TEST_HOST)";
				CODE_SIGN_STYLE = Automatic;
				CURRENT_PROJECT_VERSION = 1;
				DEVELOPMENT_TEAM = L2AH2M48T4;
				GENERATE_INFOPLIST_FILE = YES;
				IPHONEOS_DEPLOYMENT_TARGET = 18.0;
				MARKETING_VERSION = 1.0;
				PRODUCT_BUNDLE_IDENTIFIER = academy.pucpr.BordADATests;
				PRODUCT_NAME = "$(TARGET_NAME)";
				SWIFT_EMIT_LOC_STRINGS = NO;
				SWIFT_VERSION = 5.0;
				TARGETED_DEVICE_FAMILY = "1,2";
				TEST_HOST = "$(BUILT_PRODUCTS_DIR)/BordADA.app/$(BUNDLE_EXECUTABLE_FOLDER_PATH)/BordADA";
			};
			name = Debug;
		};
		AF362CB42CACAAB700506443 /* Release */ = {
			isa = XCBuildConfiguration;
			buildSettings = {
				BUNDLE_LOADER = "$(TEST_HOST)";
				CODE_SIGN_STYLE = Automatic;
				CURRENT_PROJECT_VERSION = 1;
				DEVELOPMENT_TEAM = L2AH2M48T4;
				GENERATE_INFOPLIST_FILE = YES;
				IPHONEOS_DEPLOYMENT_TARGET = 18.0;
				MARKETING_VERSION = 1.0;
				PRODUCT_BUNDLE_IDENTIFIER = academy.pucpr.BordADATests;
				PRODUCT_NAME = "$(TARGET_NAME)";
				SWIFT_EMIT_LOC_STRINGS = NO;
				SWIFT_VERSION = 5.0;
				TARGETED_DEVICE_FAMILY = "1,2";
				TEST_HOST = "$(BUILT_PRODUCTS_DIR)/BordADA.app/$(BUNDLE_EXECUTABLE_FOLDER_PATH)/BordADA";
			};
			name = Release;
		};
		AF362CB62CACAAB700506443 /* Debug */ = {
			isa = XCBuildConfiguration;
			buildSettings = {
				CODE_SIGN_STYLE = Automatic;
				CURRENT_PROJECT_VERSION = 1;
				DEVELOPMENT_TEAM = L2AH2M48T4;
				GENERATE_INFOPLIST_FILE = YES;
				MARKETING_VERSION = 1.0;
				PRODUCT_BUNDLE_IDENTIFIER = academy.pucpr.BordADAUITests;
				PRODUCT_NAME = "$(TARGET_NAME)";
				SWIFT_EMIT_LOC_STRINGS = NO;
				SWIFT_VERSION = 5.0;
				TARGETED_DEVICE_FAMILY = "1,2";
				TEST_TARGET_NAME = BordADA;
			};
			name = Debug;
		};
		AF362CB72CACAAB700506443 /* Release */ = {
			isa = XCBuildConfiguration;
			buildSettings = {
				CODE_SIGN_STYLE = Automatic;
				CURRENT_PROJECT_VERSION = 1;
				DEVELOPMENT_TEAM = L2AH2M48T4;
				GENERATE_INFOPLIST_FILE = YES;
				MARKETING_VERSION = 1.0;
				PRODUCT_BUNDLE_IDENTIFIER = academy.pucpr.BordADAUITests;
				PRODUCT_NAME = "$(TARGET_NAME)";
				SWIFT_EMIT_LOC_STRINGS = NO;
				SWIFT_VERSION = 5.0;
				TARGETED_DEVICE_FAMILY = "1,2";
				TEST_TARGET_NAME = BordADA;
			};
			name = Release;
		};
/* End XCBuildConfiguration section */

/* Begin XCConfigurationList section */
		AF362C862CACAAB400506443 /* Build configuration list for PBXProject "BordADA" */ = {
			isa = XCConfigurationList;
			buildConfigurations = (
				AF362CAD2CACAAB700506443 /* Debug */,
				AF362CAE2CACAAB700506443 /* Release */,
			);
			defaultConfigurationIsVisible = 0;
			defaultConfigurationName = Release;
		};
		AF362CAF2CACAAB700506443 /* Build configuration list for PBXNativeTarget "BordADA" */ = {
			isa = XCConfigurationList;
			buildConfigurations = (
				AF362CB02CACAAB700506443 /* Debug */,
				AF362CB12CACAAB700506443 /* Release */,
			);
			defaultConfigurationIsVisible = 0;
			defaultConfigurationName = Release;
		};
		AF362CB22CACAAB700506443 /* Build configuration list for PBXNativeTarget "BordADATests" */ = {
			isa = XCConfigurationList;
			buildConfigurations = (
				AF362CB32CACAAB700506443 /* Debug */,
				AF362CB42CACAAB700506443 /* Release */,
			);
			defaultConfigurationIsVisible = 0;
			defaultConfigurationName = Release;
		};
		AF362CB52CACAAB700506443 /* Build configuration list for PBXNativeTarget "BordADAUITests" */ = {
			isa = XCConfigurationList;
			buildConfigurations = (
				AF362CB62CACAAB700506443 /* Debug */,
				AF362CB72CACAAB700506443 /* Release */,
			);
			defaultConfigurationIsVisible = 0;
			defaultConfigurationName = Release;
		};
/* End XCConfigurationList section */

/* Begin XCRemoteSwiftPackageReference section */
		AF362CC12CACB14900506443 /* XCRemoteSwiftPackageReference "firebase-ios-sdk" */ = {
			isa = XCRemoteSwiftPackageReference;
			repositoryURL = "https://github.com/firebase/firebase-ios-sdk";
			requirement = {
				kind = upToNextMajorVersion;
				minimumVersion = 11.3.0;
			};
		};
/* End XCRemoteSwiftPackageReference section */

/* Begin XCSwiftPackageProductDependency section */
		AF362CC22CACB14900506443 /* FirebaseAnalytics */ = {
			isa = XCSwiftPackageProductDependency;
			package = AF362CC12CACB14900506443 /* XCRemoteSwiftPackageReference "firebase-ios-sdk" */;
			productName = FirebaseAnalytics;
		};
		AF362CC42CACB14900506443 /* FirebaseAnalyticsOnDeviceConversion */ = {
			isa = XCSwiftPackageProductDependency;
			package = AF362CC12CACB14900506443 /* XCRemoteSwiftPackageReference "firebase-ios-sdk" */;
			productName = FirebaseAnalyticsOnDeviceConversion;
		};
		AF362CC62CACB14900506443 /* FirebaseAnalyticsWithoutAdIdSupport */ = {
			isa = XCSwiftPackageProductDependency;
			package = AF362CC12CACB14900506443 /* XCRemoteSwiftPackageReference "firebase-ios-sdk" */;
			productName = FirebaseAnalyticsWithoutAdIdSupport;
		};
		AF362CC82CACB14900506443 /* FirebaseAppCheck */ = {
			isa = XCSwiftPackageProductDependency;
			package = AF362CC12CACB14900506443 /* XCRemoteSwiftPackageReference "firebase-ios-sdk" */;
			productName = FirebaseAppCheck;
		};
		AF362CCA2CACB14900506443 /* FirebaseAppDistribution-Beta */ = {
			isa = XCSwiftPackageProductDependency;
			package = AF362CC12CACB14900506443 /* XCRemoteSwiftPackageReference "firebase-ios-sdk" */;
			productName = "FirebaseAppDistribution-Beta";
		};
/* End XCSwiftPackageProductDependency section */
	};
	rootObject = AF362C832CACAAB400506443 /* Project object */;
}
