// !$*UTF8*$!
{
	archiveVersion = 1;
	classes = {
	};
	objectVersion = 77;
	objects = {

/* Begin PBXBuildFile section */
		A912DE482CACB06700E9DE4E /* CarBode in Frameworks */ = {isa = PBXBuildFile; productRef = A912DE472CACB06700E9DE4E /* CarBode */; };
		AF31770C2CB897BA000D2C0A /* GoogleService-Info.plist in Resources */ = {isa = PBXBuildFile; fileRef = AF31770B2CB897BA000D2C0A /* GoogleService-Info.plist */; };
		AF3177572CB89960000D2C0A /* FirebaseAnalytics in Frameworks */ = {isa = PBXBuildFile; productRef = AF3177562CB89960000D2C0A /* FirebaseAnalytics */; };
		AF3177592CB89960000D2C0A /* FirebaseAnalyticsOnDeviceConversion in Frameworks */ = {isa = PBXBuildFile; productRef = AF3177582CB89960000D2C0A /* FirebaseAnalyticsOnDeviceConversion */; };
		AF31775B2CB89960000D2C0A /* FirebaseAnalyticsWithoutAdIdSupport in Frameworks */ = {isa = PBXBuildFile; productRef = AF31775A2CB89960000D2C0A /* FirebaseAnalyticsWithoutAdIdSupport */; };
		AF31775D2CB89960000D2C0A /* FirebaseAppCheck in Frameworks */ = {isa = PBXBuildFile; productRef = AF31775C2CB89960000D2C0A /* FirebaseAppCheck */; };
		AF31775F2CB89960000D2C0A /* FirebaseAppDistribution-Beta in Frameworks */ = {isa = PBXBuildFile; productRef = AF31775E2CB89960000D2C0A /* FirebaseAppDistribution-Beta */; };
		AF3177612CB89960000D2C0A /* FirebaseAuth in Frameworks */ = {isa = PBXBuildFile; productRef = AF3177602CB89960000D2C0A /* FirebaseAuth */; };
		AF3177632CB89960000D2C0A /* FirebaseAuthCombine-Community in Frameworks */ = {isa = PBXBuildFile; productRef = AF3177622CB89960000D2C0A /* FirebaseAuthCombine-Community */; };
		AF3177652CB89960000D2C0A /* FirebaseCore in Frameworks */ = {isa = PBXBuildFile; productRef = AF3177642CB89960000D2C0A /* FirebaseCore */; };
		AF3177672CB89960000D2C0A /* FirebaseCrashlytics in Frameworks */ = {isa = PBXBuildFile; productRef = AF3177662CB89960000D2C0A /* FirebaseCrashlytics */; };
		AF3177692CB89960000D2C0A /* FirebaseDatabase in Frameworks */ = {isa = PBXBuildFile; productRef = AF3177682CB89960000D2C0A /* FirebaseDatabase */; };
		AF31776B2CB89960000D2C0A /* FirebaseDynamicLinks in Frameworks */ = {isa = PBXBuildFile; productRef = AF31776A2CB89960000D2C0A /* FirebaseDynamicLinks */; };
		AF31776D2CB89960000D2C0A /* FirebaseFirestore in Frameworks */ = {isa = PBXBuildFile; productRef = AF31776C2CB89960000D2C0A /* FirebaseFirestore */; };
		AF31776F2CB89960000D2C0A /* FirebaseFirestoreCombine-Community in Frameworks */ = {isa = PBXBuildFile; productRef = AF31776E2CB89960000D2C0A /* FirebaseFirestoreCombine-Community */; };
		AF3177712CB89960000D2C0A /* FirebaseFunctions in Frameworks */ = {isa = PBXBuildFile; productRef = AF3177702CB89960000D2C0A /* FirebaseFunctions */; };
		AF3177732CB89960000D2C0A /* FirebaseFunctionsCombine-Community in Frameworks */ = {isa = PBXBuildFile; productRef = AF3177722CB89960000D2C0A /* FirebaseFunctionsCombine-Community */; };
		AF3177752CB89960000D2C0A /* FirebaseInAppMessaging-Beta in Frameworks */ = {isa = PBXBuildFile; productRef = AF3177742CB89960000D2C0A /* FirebaseInAppMessaging-Beta */; };
		AF3177772CB89960000D2C0A /* FirebaseInstallations in Frameworks */ = {isa = PBXBuildFile; productRef = AF3177762CB89960000D2C0A /* FirebaseInstallations */; };
		AF3177792CB89960000D2C0A /* FirebaseMLModelDownloader in Frameworks */ = {isa = PBXBuildFile; productRef = AF3177782CB89960000D2C0A /* FirebaseMLModelDownloader */; };
		AF31777B2CB89960000D2C0A /* FirebaseMessaging in Frameworks */ = {isa = PBXBuildFile; productRef = AF31777A2CB89960000D2C0A /* FirebaseMessaging */; };
		AF31777D2CB89960000D2C0A /* FirebasePerformance in Frameworks */ = {isa = PBXBuildFile; productRef = AF31777C2CB89960000D2C0A /* FirebasePerformance */; };
		AF31777F2CB89960000D2C0A /* FirebaseRemoteConfig in Frameworks */ = {isa = PBXBuildFile; productRef = AF31777E2CB89960000D2C0A /* FirebaseRemoteConfig */; };
		AF3177812CB89960000D2C0A /* FirebaseStorage in Frameworks */ = {isa = PBXBuildFile; productRef = AF3177802CB89960000D2C0A /* FirebaseStorage */; };
		AF3177832CB89960000D2C0A /* FirebaseStorageCombine-Community in Frameworks */ = {isa = PBXBuildFile; productRef = AF3177822CB89960000D2C0A /* FirebaseStorageCombine-Community */; };
		AF3177852CB89960000D2C0A /* FirebaseVertexAI-Preview in Frameworks */ = {isa = PBXBuildFile; productRef = AF3177842CB89960000D2C0A /* FirebaseVertexAI-Preview */; };
		AFDA974A2CBAE1CD0004304C /* Config.xcconfig in Resources */ = {isa = PBXBuildFile; fileRef = AFDA97492CBAE1CD0004304C /* Config.xcconfig */; };
		AFDA974C2CBAE2390004304C /* GoogleService-Info.plist in Resources */ = {isa = PBXBuildFile; fileRef = AFDA974B2CBAE2390004304C /* GoogleService-Info.plist */; };
		F74327022CACE7EE00E9608F /* Alamofire in Frameworks */ = {isa = PBXBuildFile; productRef = F74327012CACE7EE00E9608F /* Alamofire */; };
		F7756DF52CACB951008B1389 /* RouterKit in Frameworks */ = {isa = PBXBuildFile; productRef = F7756DF42CACB951008B1389 /* RouterKit */; };
/* End PBXBuildFile section */

/* Begin PBXContainerItemProxy section */
		AF362C9C2CACAAB700506443 /* PBXContainerItemProxy */ = {
			isa = PBXContainerItemProxy;
			containerPortal = AF362C832CACAAB400506443 /* Project object */;
			proxyType = 1;
			remoteGlobalIDString = AF362C8A2CACAAB400506443;
			remoteInfo = BordADA;
		};
		AF362CA62CACAAB700506443 /* PBXContainerItemProxy */ = {
			isa = PBXContainerItemProxy;
			containerPortal = AF362C832CACAAB400506443 /* Project object */;
			proxyType = 1;
			remoteGlobalIDString = AF362C8A2CACAAB400506443;
			remoteInfo = BordADA;
		};
/* End PBXContainerItemProxy section */

/* Begin PBXFileReference section */
		AF31770B2CB897BA000D2C0A /* GoogleService-Info.plist */ = {isa = PBXFileReference; lastKnownFileType = text.plist.xml; path = "GoogleService-Info.plist"; sourceTree = "<group>"; };
		AF362C8B2CACAAB400506443 /* BoardzADA.app */ = {isa = PBXFileReference; explicitFileType = wrapper.application; includeInIndex = 0; path = BoardzADA.app; sourceTree = BUILT_PRODUCTS_DIR; };
		AF362C9B2CACAAB700506443 /* BoardzADATests.xctest */ = {isa = PBXFileReference; explicitFileType = wrapper.cfbundle; includeInIndex = 0; path = BoardzADATests.xctest; sourceTree = BUILT_PRODUCTS_DIR; };
		AF362CA52CACAAB700506443 /* BoardzADAUITests.xctest */ = {isa = PBXFileReference; explicitFileType = wrapper.cfbundle; includeInIndex = 0; path = BoardzADAUITests.xctest; sourceTree = BUILT_PRODUCTS_DIR; };
		AFDA97492CBAE1CD0004304C /* Config.xcconfig */ = {isa = PBXFileReference; lastKnownFileType = text.xcconfig; path = Config.xcconfig; sourceTree = "<group>"; };
		AFDA974B2CBAE2390004304C /* GoogleService-Info.plist */ = {isa = PBXFileReference; lastKnownFileType = text.plist.xml; path = "GoogleService-Info.plist"; sourceTree = "<group>"; };
/* End PBXFileReference section */

/* Begin PBXFileSystemSynchronizedBuildFileExceptionSet section */
		AF3177892CBADD7E000D2C0A /* Exceptions for "BoardzADA" folder in "BoardzADA" target */ = {
			isa = PBXFileSystemSynchronizedBuildFileExceptionSet;
			membershipExceptions = (
				Info.plist,
			);
			target = AF362C8A2CACAAB400506443 /* BoardzADA */;
		};
/* End PBXFileSystemSynchronizedBuildFileExceptionSet section */

/* Begin PBXFileSystemSynchronizedRootGroup section */
		AF362C8D2CACAAB400506443 /* BoardzADA */ = {
			isa = PBXFileSystemSynchronizedRootGroup;
			exceptions = (
				AF3177892CBADD7E000D2C0A /* Exceptions for "BoardzADA" folder in "BoardzADA" target */,
			);
			path = BoardzADA;
			sourceTree = "<group>";
		};
		AF362C9E2CACAAB700506443 /* BoardzADATests */ = {
			isa = PBXFileSystemSynchronizedRootGroup;
			path = BoardzADATests;
			sourceTree = "<group>";
		};
		AF362CA82CACAAB700506443 /* BoardzADAUITests */ = {
			isa = PBXFileSystemSynchronizedRootGroup;
			path = BoardzADAUITests;
			sourceTree = "<group>";
		};
/* End PBXFileSystemSynchronizedRootGroup section */

/* Begin PBXFrameworksBuildPhase section */
		AF362C882CACAAB400506443 /* Frameworks */ = {
			isa = PBXFrameworksBuildPhase;
			buildActionMask = 2147483647;
			files = (
				AF3177712CB89960000D2C0A /* FirebaseFunctions in Frameworks */,
				AF3177692CB89960000D2C0A /* FirebaseDatabase in Frameworks */,
				F74327022CACE7EE00E9608F /* Alamofire in Frameworks */,
				AF3177812CB89960000D2C0A /* FirebaseStorage in Frameworks */,
				AF31775B2CB89960000D2C0A /* FirebaseAnalyticsWithoutAdIdSupport in Frameworks */,
				AF3177652CB89960000D2C0A /* FirebaseCore in Frameworks */,
				A912DE482CACB06700E9DE4E /* CarBode in Frameworks */,
				AF3177792CB89960000D2C0A /* FirebaseMLModelDownloader in Frameworks */,
				AF31776B2CB89960000D2C0A /* FirebaseDynamicLinks in Frameworks */,
				AF3177852CB89960000D2C0A /* FirebaseVertexAI-Preview in Frameworks */,
				AF3177592CB89960000D2C0A /* FirebaseAnalyticsOnDeviceConversion in Frameworks */,
				AF3177612CB89960000D2C0A /* FirebaseAuth in Frameworks */,
				AF31776D2CB89960000D2C0A /* FirebaseFirestore in Frameworks */,
				AF31776F2CB89960000D2C0A /* FirebaseFirestoreCombine-Community in Frameworks */,
				AF3177752CB89960000D2C0A /* FirebaseInAppMessaging-Beta in Frameworks */,
				AF3177732CB89960000D2C0A /* FirebaseFunctionsCombine-Community in Frameworks */,
				AF31775D2CB89960000D2C0A /* FirebaseAppCheck in Frameworks */,
				AF3177832CB89960000D2C0A /* FirebaseStorageCombine-Community in Frameworks */,
				AF31777F2CB89960000D2C0A /* FirebaseRemoteConfig in Frameworks */,
				AF3177572CB89960000D2C0A /* FirebaseAnalytics in Frameworks */,
				F7756DF52CACB951008B1389 /* RouterKit in Frameworks */,
				AF31777D2CB89960000D2C0A /* FirebasePerformance in Frameworks */,
				AF3177672CB89960000D2C0A /* FirebaseCrashlytics in Frameworks */,
				AF31775F2CB89960000D2C0A /* FirebaseAppDistribution-Beta in Frameworks */,
				AF3177632CB89960000D2C0A /* FirebaseAuthCombine-Community in Frameworks */,
				AF31777B2CB89960000D2C0A /* FirebaseMessaging in Frameworks */,
				AF3177772CB89960000D2C0A /* FirebaseInstallations in Frameworks */,
			);
			runOnlyForDeploymentPostprocessing = 0;
		};
		AF362C982CACAAB700506443 /* Frameworks */ = {
			isa = PBXFrameworksBuildPhase;
			buildActionMask = 2147483647;
			files = (
			);
			runOnlyForDeploymentPostprocessing = 0;
		};
		AF362CA22CACAAB700506443 /* Frameworks */ = {
			isa = PBXFrameworksBuildPhase;
			buildActionMask = 2147483647;
			files = (
			);
			runOnlyForDeploymentPostprocessing = 0;
		};
/* End PBXFrameworksBuildPhase section */

/* Begin PBXGroup section */
		AF362C822CACAAB400506443 = {
			isa = PBXGroup;
			children = (
				AF31770B2CB897BA000D2C0A /* GoogleService-Info.plist */,
				AFDA97492CBAE1CD0004304C /* Config.xcconfig */,
				AF362C8D2CACAAB400506443 /* BoardzADA */,
				AF362C9E2CACAAB700506443 /* BoardzADATests */,
				AF362CA82CACAAB700506443 /* BoardzADAUITests */,
				AF362C8C2CACAAB400506443 /* Products */,
				AF362D5D2CACBF9600506443 /* Frameworks */,
				AFDA974B2CBAE2390004304C /* GoogleService-Info.plist */,
			);
			sourceTree = "<group>";
		};
		AF362C8C2CACAAB400506443 /* Products */ = {
			isa = PBXGroup;
			children = (
				AF362C8B2CACAAB400506443 /* BoardzADA.app */,
				AF362C9B2CACAAB700506443 /* BoardzADATests.xctest */,
				AF362CA52CACAAB700506443 /* BoardzADAUITests.xctest */,
			);
			name = Products;
			sourceTree = "<group>";
		};
		AF362D5D2CACBF9600506443 /* Frameworks */ = {
			isa = PBXGroup;
			children = (
			);
			name = Frameworks;
			sourceTree = "<group>";
		};
/* End PBXGroup section */

/* Begin PBXNativeTarget section */
		AF362C8A2CACAAB400506443 /* BoardzADA */ = {
			isa = PBXNativeTarget;
			buildConfigurationList = AF362CAF2CACAAB700506443 /* Build configuration list for PBXNativeTarget "BoardzADA" */;
			buildPhases = (
				AF362C872CACAAB400506443 /* Sources */,
				AF362C882CACAAB400506443 /* Frameworks */,
				AF362C892CACAAB400506443 /* Resources */,
			);
			buildRules = (
			);
			dependencies = (
			);
			fileSystemSynchronizedGroups = (
				AF362C8D2CACAAB400506443 /* BoardzADA */,
			);
			name = BoardzADA;
			packageProductDependencies = (
				A912DE472CACB06700E9DE4E /* CarBode */,
				F7756DF42CACB951008B1389 /* RouterKit */,
				F74327012CACE7EE00E9608F /* Alamofire */,
				AF3177562CB89960000D2C0A /* FirebaseAnalytics */,
				AF3177582CB89960000D2C0A /* FirebaseAnalyticsOnDeviceConversion */,
				AF31775A2CB89960000D2C0A /* FirebaseAnalyticsWithoutAdIdSupport */,
				AF31775C2CB89960000D2C0A /* FirebaseAppCheck */,
				AF31775E2CB89960000D2C0A /* FirebaseAppDistribution-Beta */,
				AF3177602CB89960000D2C0A /* FirebaseAuth */,
				AF3177622CB89960000D2C0A /* FirebaseAuthCombine-Community */,
				AF3177642CB89960000D2C0A /* FirebaseCore */,
				AF3177662CB89960000D2C0A /* FirebaseCrashlytics */,
				AF3177682CB89960000D2C0A /* FirebaseDatabase */,
				AF31776A2CB89960000D2C0A /* FirebaseDynamicLinks */,
				AF31776C2CB89960000D2C0A /* FirebaseFirestore */,
				AF31776E2CB89960000D2C0A /* FirebaseFirestoreCombine-Community */,
				AF3177702CB89960000D2C0A /* FirebaseFunctions */,
				AF3177722CB89960000D2C0A /* FirebaseFunctionsCombine-Community */,
				AF3177742CB89960000D2C0A /* FirebaseInAppMessaging-Beta */,
				AF3177762CB89960000D2C0A /* FirebaseInstallations */,
				AF3177782CB89960000D2C0A /* FirebaseMLModelDownloader */,
				AF31777A2CB89960000D2C0A /* FirebaseMessaging */,
				AF31777C2CB89960000D2C0A /* FirebasePerformance */,
				AF31777E2CB89960000D2C0A /* FirebaseRemoteConfig */,
				AF3177802CB89960000D2C0A /* FirebaseStorage */,
				AF3177822CB89960000D2C0A /* FirebaseStorageCombine-Community */,
				AF3177842CB89960000D2C0A /* FirebaseVertexAI-Preview */,
			);
			productName = BordADA;
			productReference = AF362C8B2CACAAB400506443 /* BoardzADA.app */;
			productType = "com.apple.product-type.application";
		};
		AF362C9A2CACAAB700506443 /* BoardzADATests */ = {
			isa = PBXNativeTarget;
			buildConfigurationList = AF362CB22CACAAB700506443 /* Build configuration list for PBXNativeTarget "BoardzADATests" */;
			buildPhases = (
				AF362C972CACAAB700506443 /* Sources */,
				AF362C982CACAAB700506443 /* Frameworks */,
				AF362C992CACAAB700506443 /* Resources */,
			);
			buildRules = (
			);
			dependencies = (
				AF362C9D2CACAAB700506443 /* PBXTargetDependency */,
			);
			fileSystemSynchronizedGroups = (
				AF362C9E2CACAAB700506443 /* BoardzADATests */,
			);
			name = BoardzADATests;
			packageProductDependencies = (
			);
			productName = BordADATests;
			productReference = AF362C9B2CACAAB700506443 /* BoardzADATests.xctest */;
			productType = "com.apple.product-type.bundle.unit-test";
		};
		AF362CA42CACAAB700506443 /* BoardzADAUITests */ = {
			isa = PBXNativeTarget;
			buildConfigurationList = AF362CB52CACAAB700506443 /* Build configuration list for PBXNativeTarget "BoardzADAUITests" */;
			buildPhases = (
				AF362CA12CACAAB700506443 /* Sources */,
				AF362CA22CACAAB700506443 /* Frameworks */,
				AF362CA32CACAAB700506443 /* Resources */,
			);
			buildRules = (
			);
			dependencies = (
				AF362CA72CACAAB700506443 /* PBXTargetDependency */,
			);
			fileSystemSynchronizedGroups = (
				AF362CA82CACAAB700506443 /* BoardzADAUITests */,
			);
			name = BoardzADAUITests;
			packageProductDependencies = (
			);
			productName = BordADAUITests;
			productReference = AF362CA52CACAAB700506443 /* BoardzADAUITests.xctest */;
			productType = "com.apple.product-type.bundle.ui-testing";
		};
/* End PBXNativeTarget section */

/* Begin PBXProject section */
		AF362C832CACAAB400506443 /* Project object */ = {
			isa = PBXProject;
			attributes = {
				BuildIndependentTargetsInParallel = 1;
				LastSwiftUpdateCheck = 1600;
				LastUpgradeCheck = 1600;
				TargetAttributes = {
					AF362C8A2CACAAB400506443 = {
						CreatedOnToolsVersion = 16.0;
					};
					AF362C9A2CACAAB700506443 = {
						CreatedOnToolsVersion = 16.0;
						TestTargetID = AF362C8A2CACAAB400506443;
					};
					AF362CA42CACAAB700506443 = {
						CreatedOnToolsVersion = 16.0;
						TestTargetID = AF362C8A2CACAAB400506443;
					};
				};
			};
			buildConfigurationList = AF362C862CACAAB400506443 /* Build configuration list for PBXProject "BoardzADA" */;
			developmentRegion = en;
			hasScannedForEncodings = 0;
			knownRegions = (
				en,
				Base,
			);
			mainGroup = AF362C822CACAAB400506443;
			minimizedProjectReferenceProxies = 1;
			packageReferences = (
				A912DE462CACAFE200E9DE4E /* XCRemoteSwiftPackageReference "CarBode-Barcode-Scanner-For-SwiftUI" */,
				F7756DF32CACB951008B1389 /* XCRemoteSwiftPackageReference "router-kit" */,
				F74327002CACE7EE00E9608F /* XCRemoteSwiftPackageReference "Alamofire" */,
				AF3177552CB89960000D2C0A /* XCRemoteSwiftPackageReference "firebase-ios-sdk" */,
			);
			preferredProjectObjectVersion = 77;
			productRefGroup = AF362C8C2CACAAB400506443 /* Products */;
			projectDirPath = "";
			projectRoot = "";
			targets = (
				AF362C8A2CACAAB400506443 /* BoardzADA */,
				AF362C9A2CACAAB700506443 /* BoardzADATests */,
				AF362CA42CACAAB700506443 /* BoardzADAUITests */,
			);
		};
/* End PBXProject section */

/* Begin PBXResourcesBuildPhase section */
		AF362C892CACAAB400506443 /* Resources */ = {
			isa = PBXResourcesBuildPhase;
			buildActionMask = 2147483647;
			files = (
				AFDA974A2CBAE1CD0004304C /* Config.xcconfig in Resources */,
				AFDA974C2CBAE2390004304C /* GoogleService-Info.plist in Resources */,
				AF31770C2CB897BA000D2C0A /* GoogleService-Info.plist in Resources */,
			);
			runOnlyForDeploymentPostprocessing = 0;
		};
		AF362C992CACAAB700506443 /* Resources */ = {
			isa = PBXResourcesBuildPhase;
			buildActionMask = 2147483647;
			files = (
			);
			runOnlyForDeploymentPostprocessing = 0;
		};
		AF362CA32CACAAB700506443 /* Resources */ = {
			isa = PBXResourcesBuildPhase;
			buildActionMask = 2147483647;
			files = (
			);
			runOnlyForDeploymentPostprocessing = 0;
		};
/* End PBXResourcesBuildPhase section */

/* Begin PBXSourcesBuildPhase section */
		AF362C872CACAAB400506443 /* Sources */ = {
			isa = PBXSourcesBuildPhase;
			buildActionMask = 2147483647;
			files = (
			);
			runOnlyForDeploymentPostprocessing = 0;
		};
		AF362C972CACAAB700506443 /* Sources */ = {
			isa = PBXSourcesBuildPhase;
			buildActionMask = 2147483647;
			files = (
			);
			runOnlyForDeploymentPostprocessing = 0;
		};
		AF362CA12CACAAB700506443 /* Sources */ = {
			isa = PBXSourcesBuildPhase;
			buildActionMask = 2147483647;
			files = (
			);
			runOnlyForDeploymentPostprocessing = 0;
		};
/* End PBXSourcesBuildPhase section */

/* Begin PBXTargetDependency section */
		AF362C9D2CACAAB700506443 /* PBXTargetDependency */ = {
			isa = PBXTargetDependency;
			target = AF362C8A2CACAAB400506443 /* BoardzADA */;
			targetProxy = AF362C9C2CACAAB700506443 /* PBXContainerItemProxy */;
		};
		AF362CA72CACAAB700506443 /* PBXTargetDependency */ = {
			isa = PBXTargetDependency;
			target = AF362C8A2CACAAB400506443 /* BoardzADA */;
			targetProxy = AF362CA62CACAAB700506443 /* PBXContainerItemProxy */;
		};
/* End PBXTargetDependency section */

/* Begin XCBuildConfiguration section */
		AF362CAD2CACAAB700506443 /* Debug */ = {
			isa = XCBuildConfiguration;
			buildSettings = {
				ALWAYS_SEARCH_USER_PATHS = NO;
				ASSETCATALOG_COMPILER_GENERATE_SWIFT_ASSET_SYMBOL_EXTENSIONS = YES;
				CLANG_ANALYZER_NONNULL = YES;
				CLANG_ANALYZER_NUMBER_OBJECT_CONVERSION = YES_AGGRESSIVE;
				CLANG_CXX_LANGUAGE_STANDARD = "gnu++20";
				CLANG_ENABLE_MODULES = YES;
				CLANG_ENABLE_OBJC_ARC = YES;
				CLANG_ENABLE_OBJC_WEAK = YES;
				CLANG_WARN_BLOCK_CAPTURE_AUTORELEASING = YES;
				CLANG_WARN_BOOL_CONVERSION = YES;
				CLANG_WARN_COMMA = YES;
				CLANG_WARN_CONSTANT_CONVERSION = YES;
				CLANG_WARN_DEPRECATED_OBJC_IMPLEMENTATIONS = YES;
				CLANG_WARN_DIRECT_OBJC_ISA_USAGE = YES_ERROR;
				CLANG_WARN_DOCUMENTATION_COMMENTS = YES;
				CLANG_WARN_EMPTY_BODY = YES;
				CLANG_WARN_ENUM_CONVERSION = YES;
				CLANG_WARN_INFINITE_RECURSION = YES;
				CLANG_WARN_INT_CONVERSION = YES;
				CLANG_WARN_NON_LITERAL_NULL_CONVERSION = YES;
				CLANG_WARN_OBJC_IMPLICIT_RETAIN_SELF = YES;
				CLANG_WARN_OBJC_LITERAL_CONVERSION = YES;
				CLANG_WARN_OBJC_ROOT_CLASS = YES_ERROR;
				CLANG_WARN_QUOTED_INCLUDE_IN_FRAMEWORK_HEADER = YES;
				CLANG_WARN_RANGE_LOOP_ANALYSIS = YES;
				CLANG_WARN_STRICT_PROTOTYPES = YES;
				CLANG_WARN_SUSPICIOUS_MOVE = YES;
				CLANG_WARN_UNGUARDED_AVAILABILITY = YES_AGGRESSIVE;
				CLANG_WARN_UNREACHABLE_CODE = YES;
				CLANG_WARN__DUPLICATE_METHOD_MATCH = YES;
				COPY_PHASE_STRIP = NO;
				DEBUG_INFORMATION_FORMAT = dwarf;
				ENABLE_STRICT_OBJC_MSGSEND = YES;
				ENABLE_TESTABILITY = YES;
				ENABLE_USER_SCRIPT_SANDBOXING = YES;
				GCC_C_LANGUAGE_STANDARD = gnu17;
				GCC_DYNAMIC_NO_PIC = NO;
				GCC_NO_COMMON_BLOCKS = YES;
				GCC_OPTIMIZATION_LEVEL = 0;
				GCC_PREPROCESSOR_DEFINITIONS = (
					"DEBUG=1",
					"$(inherited)",
				);
				GCC_WARN_64_TO_32_BIT_CONVERSION = YES;
				GCC_WARN_ABOUT_RETURN_TYPE = YES_ERROR;
				GCC_WARN_UNDECLARED_SELECTOR = YES;
				GCC_WARN_UNINITIALIZED_AUTOS = YES_AGGRESSIVE;
				GCC_WARN_UNUSED_FUNCTION = YES;
				GCC_WARN_UNUSED_VARIABLE = YES;
				IPHONEOS_DEPLOYMENT_TARGET = 18.0;
				LOCALIZATION_PREFERS_STRING_CATALOGS = YES;
				MTL_ENABLE_DEBUG_INFO = INCLUDE_SOURCE;
				MTL_FAST_MATH = YES;
				ONLY_ACTIVE_ARCH = YES;
				SDKROOT = iphoneos;
				SWIFT_ACTIVE_COMPILATION_CONDITIONS = "DEBUG $(inherited)";
				SWIFT_OPTIMIZATION_LEVEL = "-Onone";
			};
			name = Debug;
		};
		AF362CAE2CACAAB700506443 /* Release */ = {
			isa = XCBuildConfiguration;
			buildSettings = {
				ALWAYS_SEARCH_USER_PATHS = NO;
				ASSETCATALOG_COMPILER_GENERATE_SWIFT_ASSET_SYMBOL_EXTENSIONS = YES;
				CLANG_ANALYZER_NONNULL = YES;
				CLANG_ANALYZER_NUMBER_OBJECT_CONVERSION = YES_AGGRESSIVE;
				CLANG_CXX_LANGUAGE_STANDARD = "gnu++20";
				CLANG_ENABLE_MODULES = YES;
				CLANG_ENABLE_OBJC_ARC = YES;
				CLANG_ENABLE_OBJC_WEAK = YES;
				CLANG_WARN_BLOCK_CAPTURE_AUTORELEASING = YES;
				CLANG_WARN_BOOL_CONVERSION = YES;
				CLANG_WARN_COMMA = YES;
				CLANG_WARN_CONSTANT_CONVERSION = YES;
				CLANG_WARN_DEPRECATED_OBJC_IMPLEMENTATIONS = YES;
				CLANG_WARN_DIRECT_OBJC_ISA_USAGE = YES_ERROR;
				CLANG_WARN_DOCUMENTATION_COMMENTS = YES;
				CLANG_WARN_EMPTY_BODY = YES;
				CLANG_WARN_ENUM_CONVERSION = YES;
				CLANG_WARN_INFINITE_RECURSION = YES;
				CLANG_WARN_INT_CONVERSION = YES;
				CLANG_WARN_NON_LITERAL_NULL_CONVERSION = YES;
				CLANG_WARN_OBJC_IMPLICIT_RETAIN_SELF = YES;
				CLANG_WARN_OBJC_LITERAL_CONVERSION = YES;
				CLANG_WARN_OBJC_ROOT_CLASS = YES_ERROR;
				CLANG_WARN_QUOTED_INCLUDE_IN_FRAMEWORK_HEADER = YES;
				CLANG_WARN_RANGE_LOOP_ANALYSIS = YES;
				CLANG_WARN_STRICT_PROTOTYPES = YES;
				CLANG_WARN_SUSPICIOUS_MOVE = YES;
				CLANG_WARN_UNGUARDED_AVAILABILITY = YES_AGGRESSIVE;
				CLANG_WARN_UNREACHABLE_CODE = YES;
				CLANG_WARN__DUPLICATE_METHOD_MATCH = YES;
				COPY_PHASE_STRIP = NO;
				DEBUG_INFORMATION_FORMAT = "dwarf-with-dsym";
				ENABLE_NS_ASSERTIONS = NO;
				ENABLE_STRICT_OBJC_MSGSEND = YES;
				ENABLE_USER_SCRIPT_SANDBOXING = YES;
				GCC_C_LANGUAGE_STANDARD = gnu17;
				GCC_NO_COMMON_BLOCKS = YES;
				GCC_WARN_64_TO_32_BIT_CONVERSION = YES;
				GCC_WARN_ABOUT_RETURN_TYPE = YES_ERROR;
				GCC_WARN_UNDECLARED_SELECTOR = YES;
				GCC_WARN_UNINITIALIZED_AUTOS = YES_AGGRESSIVE;
				GCC_WARN_UNUSED_FUNCTION = YES;
				GCC_WARN_UNUSED_VARIABLE = YES;
				IPHONEOS_DEPLOYMENT_TARGET = 18.0;
				LOCALIZATION_PREFERS_STRING_CATALOGS = YES;
				MTL_ENABLE_DEBUG_INFO = NO;
				MTL_FAST_MATH = YES;
				SDKROOT = iphoneos;
				SWIFT_COMPILATION_MODE = wholemodule;
				VALIDATE_PRODUCT = YES;
			};
			name = Release;
		};
		AF362CB02CACAAB700506443 /* Debug */ = {
			isa = XCBuildConfiguration;
			buildSettings = {
				ASSETCATALOG_COMPILER_APPICON_NAME = AppIcon;
				ASSETCATALOG_COMPILER_GLOBAL_ACCENT_COLOR_NAME = AccentColor;
				CODE_SIGN_ENTITLEMENTS = BoardzADA/BoardzADA.entitlements;
				CODE_SIGN_IDENTITY = "Apple Development";
				CODE_SIGN_STYLE = Automatic;
				CURRENT_PROJECT_VERSION = 1;
				DEVELOPMENT_ASSET_PATHS = "\"BoardzADA/Preview Content\"";
				DEVELOPMENT_TEAM = L2AH2M48T4;
				ENABLE_PREVIEWS = YES;
				GENERATE_INFOPLIST_FILE = YES;
				INFOPLIST_FILE = BoardzADA/Info.plist;
				INFOPLIST_KEY_CFBundleDisplayName = BoardzADA;
				INFOPLIST_KEY_LSApplicationCategoryType = "public.app-category.board-games";
				INFOPLIST_KEY_NSCameraUsageDescription = "We want to add the game to the library";
				INFOPLIST_KEY_UIApplicationSceneManifest_Generation = YES;
				INFOPLIST_KEY_UIApplicationSupportsIndirectInputEvents = YES;
				INFOPLIST_KEY_UILaunchScreen_Generation = YES;
				INFOPLIST_KEY_UIStatusBarStyle = "";
				INFOPLIST_KEY_UISupportedInterfaceOrientations = UIInterfaceOrientationPortrait;
				INFOPLIST_KEY_UISupportedInterfaceOrientations_iPad = "UIInterfaceOrientationLandscapeLeft UIInterfaceOrientationLandscapeRight UIInterfaceOrientationPortrait UIInterfaceOrientationPortraitUpsideDown";
				IPHONEOS_DEPLOYMENT_TARGET = 17.6;
				LD_RUNPATH_SEARCH_PATHS = (
					"$(inherited)",
					"@executable_path/Frameworks",
				);
				MARKETING_VERSION = 0.1;
				PRODUCT_BUNDLE_IDENTIFIER = academy.dev.pucpr.BoardzADA;
				PRODUCT_NAME = "$(TARGET_NAME)";
				PROVISIONING_PROFILE_SPECIFIER = "";
				SUPPORTED_PLATFORMS = "iphoneos iphonesimulator";
				SUPPORTS_MACCATALYST = NO;
				SUPPORTS_MAC_DESIGNED_FOR_IPHONE_IPAD = NO;
				SUPPORTS_XR_DESIGNED_FOR_IPHONE_IPAD = NO;
				SWIFT_EMIT_LOC_STRINGS = YES;
				SWIFT_VERSION = 5.0;
				TARGETED_DEVICE_FAMILY = 1;
			};
			name = Debug;
		};
		AF362CB12CACAAB700506443 /* Release */ = {
			isa = XCBuildConfiguration;
			buildSettings = {
				ASSETCATALOG_COMPILER_APPICON_NAME = AppIcon;
				ASSETCATALOG_COMPILER_GLOBAL_ACCENT_COLOR_NAME = AccentColor;
				CODE_SIGN_ENTITLEMENTS = BoardzADA/BoardzADA.entitlements;
				CODE_SIGN_IDENTITY = "Apple Development";
				CODE_SIGN_STYLE = Automatic;
				CURRENT_PROJECT_VERSION = 1;
				DEVELOPMENT_ASSET_PATHS = "\"BoardzADA/Preview Content\"";
				DEVELOPMENT_TEAM = L2AH2M48T4;
				ENABLE_PREVIEWS = YES;
				GENERATE_INFOPLIST_FILE = YES;
				INFOPLIST_FILE = BoardzADA/Info.plist;
				INFOPLIST_KEY_CFBundleDisplayName = BoardzADA;
				INFOPLIST_KEY_LSApplicationCategoryType = "public.app-category.board-games";
				INFOPLIST_KEY_NSCameraUsageDescription = "We want to add the game to the library";
				INFOPLIST_KEY_UIApplicationSceneManifest_Generation = YES;
				INFOPLIST_KEY_UIApplicationSupportsIndirectInputEvents = YES;
				INFOPLIST_KEY_UILaunchScreen_Generation = YES;
				INFOPLIST_KEY_UIStatusBarStyle = "";
				INFOPLIST_KEY_UISupportedInterfaceOrientations = UIInterfaceOrientationPortrait;
				INFOPLIST_KEY_UISupportedInterfaceOrientations_iPad = "UIInterfaceOrientationLandscapeLeft UIInterfaceOrientationLandscapeRight UIInterfaceOrientationPortrait UIInterfaceOrientationPortraitUpsideDown";
				IPHONEOS_DEPLOYMENT_TARGET = 17.6;
				LD_RUNPATH_SEARCH_PATHS = (
					"$(inherited)",
					"@executable_path/Frameworks",
				);
				MARKETING_VERSION = 0.1;
				PRODUCT_BUNDLE_IDENTIFIER = academy.dev.pucpr.BoardzADA;
				PRODUCT_NAME = "$(TARGET_NAME)";
				PROVISIONING_PROFILE_SPECIFIER = "";
				SUPPORTED_PLATFORMS = "iphoneos iphonesimulator";
				SUPPORTS_MACCATALYST = NO;
				SUPPORTS_MAC_DESIGNED_FOR_IPHONE_IPAD = NO;
				SUPPORTS_XR_DESIGNED_FOR_IPHONE_IPAD = NO;
				SWIFT_EMIT_LOC_STRINGS = YES;
				SWIFT_VERSION = 5.0;
				TARGETED_DEVICE_FAMILY = 1;
			};
			name = Release;
		};
		AF362CB32CACAAB700506443 /* Debug */ = {
			isa = XCBuildConfiguration;
			buildSettings = {
				BUNDLE_LOADER = "$(TEST_HOST)";
				CODE_SIGN_STYLE = Automatic;
				CURRENT_PROJECT_VERSION = 1;
				DEVELOPMENT_TEAM = L2AH2M48T4;
				GENERATE_INFOPLIST_FILE = YES;
				IPHONEOS_DEPLOYMENT_TARGET = 18.0;
				MARKETING_VERSION = 1.0;
				PRODUCT_BUNDLE_IDENTIFIER = academy.dev.pucpr.BoardzADATests;
				PRODUCT_NAME = "$(TARGET_NAME)";
				SWIFT_EMIT_LOC_STRINGS = NO;
				SWIFT_VERSION = 5.0;
				TARGETED_DEVICE_FAMILY = "1,2";
				TEST_HOST = "$(BUILT_PRODUCTS_DIR)/BoardzADA.app/$(BUNDLE_EXECUTABLE_FOLDER_PATH)/BoardzADA";
			};
			name = Debug;
		};
		AF362CB42CACAAB700506443 /* Release */ = {
			isa = XCBuildConfiguration;
			buildSettings = {
				BUNDLE_LOADER = "$(TEST_HOST)";
				CODE_SIGN_STYLE = Automatic;
				CURRENT_PROJECT_VERSION = 1;
				DEVELOPMENT_TEAM = L2AH2M48T4;
				GENERATE_INFOPLIST_FILE = YES;
				IPHONEOS_DEPLOYMENT_TARGET = 18.0;
				MARKETING_VERSION = 1.0;
				PRODUCT_BUNDLE_IDENTIFIER = academy.dev.pucpr.BoardzADATests;
				PRODUCT_NAME = "$(TARGET_NAME)";
				SWIFT_EMIT_LOC_STRINGS = NO;
				SWIFT_VERSION = 5.0;
				TARGETED_DEVICE_FAMILY = "1,2";
				TEST_HOST = "$(BUILT_PRODUCTS_DIR)/BoardzADA.app/$(BUNDLE_EXECUTABLE_FOLDER_PATH)/BoardzADA";
			};
			name = Release;
		};
		AF362CB62CACAAB700506443 /* Debug */ = {
			isa = XCBuildConfiguration;
			buildSettings = {
				CODE_SIGN_STYLE = Automatic;
				CURRENT_PROJECT_VERSION = 1;
				DEVELOPMENT_TEAM = L2AH2M48T4;
				GENERATE_INFOPLIST_FILE = YES;
				MARKETING_VERSION = 1.0;
				PRODUCT_BUNDLE_IDENTIFIER = academy.dev.pucpr.BoardzADAUITests;
				PRODUCT_NAME = "$(TARGET_NAME)";
				SWIFT_EMIT_LOC_STRINGS = NO;
				SWIFT_VERSION = 5.0;
				TARGETED_DEVICE_FAMILY = "1,2";
				TEST_TARGET_NAME = BordADA;
			};
			name = Debug;
		};
		AF362CB72CACAAB700506443 /* Release */ = {
			isa = XCBuildConfiguration;
			buildSettings = {
				CODE_SIGN_STYLE = Automatic;
				CURRENT_PROJECT_VERSION = 1;
				DEVELOPMENT_TEAM = L2AH2M48T4;
				GENERATE_INFOPLIST_FILE = YES;
				MARKETING_VERSION = 1.0;
				PRODUCT_BUNDLE_IDENTIFIER = academy.dev.pucpr.BoardzADAUITests;
				PRODUCT_NAME = "$(TARGET_NAME)";
				SWIFT_EMIT_LOC_STRINGS = NO;
				SWIFT_VERSION = 5.0;
				TARGETED_DEVICE_FAMILY = "1,2";
				TEST_TARGET_NAME = BordADA;
			};
			name = Release;
		};
/* End XCBuildConfiguration section */

/* Begin XCConfigurationList section */
		AF362C862CACAAB400506443 /* Build configuration list for PBXProject "BoardzADA" */ = {
			isa = XCConfigurationList;
			buildConfigurations = (
				AF362CAD2CACAAB700506443 /* Debug */,
				AF362CAE2CACAAB700506443 /* Release */,
			);
			defaultConfigurationIsVisible = 0;
			defaultConfigurationName = Release;
		};
		AF362CAF2CACAAB700506443 /* Build configuration list for PBXNativeTarget "BoardzADA" */ = {
			isa = XCConfigurationList;
			buildConfigurations = (
				AF362CB02CACAAB700506443 /* Debug */,
				AF362CB12CACAAB700506443 /* Release */,
			);
			defaultConfigurationIsVisible = 0;
			defaultConfigurationName = Release;
		};
		AF362CB22CACAAB700506443 /* Build configuration list for PBXNativeTarget "BoardzADATests" */ = {
			isa = XCConfigurationList;
			buildConfigurations = (
				AF362CB32CACAAB700506443 /* Debug */,
				AF362CB42CACAAB700506443 /* Release */,
			);
			defaultConfigurationIsVisible = 0;
			defaultConfigurationName = Release;
		};
		AF362CB52CACAAB700506443 /* Build configuration list for PBXNativeTarget "BoardzADAUITests" */ = {
			isa = XCConfigurationList;
			buildConfigurations = (
				AF362CB62CACAAB700506443 /* Debug */,
				AF362CB72CACAAB700506443 /* Release */,
			);
			defaultConfigurationIsVisible = 0;
			defaultConfigurationName = Release;
		};
/* End XCConfigurationList section */

/* Begin XCRemoteSwiftPackageReference section */
		A912DE462CACAFE200E9DE4E /* XCRemoteSwiftPackageReference "CarBode-Barcode-Scanner-For-SwiftUI" */ = {
			isa = XCRemoteSwiftPackageReference;
			repositoryURL = "https://github.com/heart/CarBode-Barcode-Scanner-For-SwiftUI";
			requirement = {
				kind = upToNextMajorVersion;
				minimumVersion = 2.2.3;
			};
		};
		AF3177552CB89960000D2C0A /* XCRemoteSwiftPackageReference "firebase-ios-sdk" */ = {
			isa = XCRemoteSwiftPackageReference;
			repositoryURL = "https://github.com/firebase/firebase-ios-sdk";
			requirement = {
				kind = upToNextMajorVersion;
				minimumVersion = 11.3.0;
			};
		};
		F74327002CACE7EE00E9608F /* XCRemoteSwiftPackageReference "Alamofire" */ = {
			isa = XCRemoteSwiftPackageReference;
			repositoryURL = "https://github.com/Alamofire/Alamofire.git";
			requirement = {
				kind = upToNextMajorVersion;
				minimumVersion = 5.9.1;
			};
		};
		F7756DF32CACB951008B1389 /* XCRemoteSwiftPackageReference "router-kit" */ = {
			isa = XCRemoteSwiftPackageReference;
			repositoryURL = "https://github.com/BerkSpar/router-kit.git";
			requirement = {
				kind = upToNextMajorVersion;
				minimumVersion = 1.0.0;
			};
		};
/* End XCRemoteSwiftPackageReference section */

/* Begin XCSwiftPackageProductDependency section */
		A912DE472CACB06700E9DE4E /* CarBode */ = {
			isa = XCSwiftPackageProductDependency;
			package = A912DE462CACAFE200E9DE4E /* XCRemoteSwiftPackageReference "CarBode-Barcode-Scanner-For-SwiftUI" */;
			productName = CarBode;
		};
		AF3177562CB89960000D2C0A /* FirebaseAnalytics */ = {
			isa = XCSwiftPackageProductDependency;
			package = AF3177552CB89960000D2C0A /* XCRemoteSwiftPackageReference "firebase-ios-sdk" */;
			productName = FirebaseAnalytics;
		};
		AF3177582CB89960000D2C0A /* FirebaseAnalyticsOnDeviceConversion */ = {
			isa = XCSwiftPackageProductDependency;
			package = AF3177552CB89960000D2C0A /* XCRemoteSwiftPackageReference "firebase-ios-sdk" */;
			productName = FirebaseAnalyticsOnDeviceConversion;
		};
		AF31775A2CB89960000D2C0A /* FirebaseAnalyticsWithoutAdIdSupport */ = {
			isa = XCSwiftPackageProductDependency;
			package = AF3177552CB89960000D2C0A /* XCRemoteSwiftPackageReference "firebase-ios-sdk" */;
			productName = FirebaseAnalyticsWithoutAdIdSupport;
		};
		AF31775C2CB89960000D2C0A /* FirebaseAppCheck */ = {
			isa = XCSwiftPackageProductDependency;
			package = AF3177552CB89960000D2C0A /* XCRemoteSwiftPackageReference "firebase-ios-sdk" */;
			productName = FirebaseAppCheck;
		};
		AF31775E2CB89960000D2C0A /* FirebaseAppDistribution-Beta */ = {
			isa = XCSwiftPackageProductDependency;
			package = AF3177552CB89960000D2C0A /* XCRemoteSwiftPackageReference "firebase-ios-sdk" */;
			productName = "FirebaseAppDistribution-Beta";
		};
		AF3177602CB89960000D2C0A /* FirebaseAuth */ = {
			isa = XCSwiftPackageProductDependency;
			package = AF3177552CB89960000D2C0A /* XCRemoteSwiftPackageReference "firebase-ios-sdk" */;
			productName = FirebaseAuth;
		};
		AF3177622CB89960000D2C0A /* FirebaseAuthCombine-Community */ = {
			isa = XCSwiftPackageProductDependency;
			package = AF3177552CB89960000D2C0A /* XCRemoteSwiftPackageReference "firebase-ios-sdk" */;
			productName = "FirebaseAuthCombine-Community";
		};
		AF3177642CB89960000D2C0A /* FirebaseCore */ = {
			isa = XCSwiftPackageProductDependency;
			package = AF3177552CB89960000D2C0A /* XCRemoteSwiftPackageReference "firebase-ios-sdk" */;
			productName = FirebaseCore;
		};
		AF3177662CB89960000D2C0A /* FirebaseCrashlytics */ = {
			isa = XCSwiftPackageProductDependency;
			package = AF3177552CB89960000D2C0A /* XCRemoteSwiftPackageReference "firebase-ios-sdk" */;
			productName = FirebaseCrashlytics;
		};
		AF3177682CB89960000D2C0A /* FirebaseDatabase */ = {
			isa = XCSwiftPackageProductDependency;
			package = AF3177552CB89960000D2C0A /* XCRemoteSwiftPackageReference "firebase-ios-sdk" */;
			productName = FirebaseDatabase;
		};
		AF31776A2CB89960000D2C0A /* FirebaseDynamicLinks */ = {
			isa = XCSwiftPackageProductDependency;
			package = AF3177552CB89960000D2C0A /* XCRemoteSwiftPackageReference "firebase-ios-sdk" */;
			productName = FirebaseDynamicLinks;
		};
		AF31776C2CB89960000D2C0A /* FirebaseFirestore */ = {
			isa = XCSwiftPackageProductDependency;
			package = AF3177552CB89960000D2C0A /* XCRemoteSwiftPackageReference "firebase-ios-sdk" */;
			productName = FirebaseFirestore;
		};
		AF31776E2CB89960000D2C0A /* FirebaseFirestoreCombine-Community */ = {
			isa = XCSwiftPackageProductDependency;
			package = AF3177552CB89960000D2C0A /* XCRemoteSwiftPackageReference "firebase-ios-sdk" */;
			productName = "FirebaseFirestoreCombine-Community";
		};
		AF3177702CB89960000D2C0A /* FirebaseFunctions */ = {
			isa = XCSwiftPackageProductDependency;
			package = AF3177552CB89960000D2C0A /* XCRemoteSwiftPackageReference "firebase-ios-sdk" */;
			productName = FirebaseFunctions;
		};
		AF3177722CB89960000D2C0A /* FirebaseFunctionsCombine-Community */ = {
			isa = XCSwiftPackageProductDependency;
			package = AF3177552CB89960000D2C0A /* XCRemoteSwiftPackageReference "firebase-ios-sdk" */;
			productName = "FirebaseFunctionsCombine-Community";
		};
		AF3177742CB89960000D2C0A /* FirebaseInAppMessaging-Beta */ = {
			isa = XCSwiftPackageProductDependency;
			package = AF3177552CB89960000D2C0A /* XCRemoteSwiftPackageReference "firebase-ios-sdk" */;
			productName = "FirebaseInAppMessaging-Beta";
		};
		AF3177762CB89960000D2C0A /* FirebaseInstallations */ = {
			isa = XCSwiftPackageProductDependency;
			package = AF3177552CB89960000D2C0A /* XCRemoteSwiftPackageReference "firebase-ios-sdk" */;
			productName = FirebaseInstallations;
		};
		AF3177782CB89960000D2C0A /* FirebaseMLModelDownloader */ = {
			isa = XCSwiftPackageProductDependency;
			package = AF3177552CB89960000D2C0A /* XCRemoteSwiftPackageReference "firebase-ios-sdk" */;
			productName = FirebaseMLModelDownloader;
		};
		AF31777A2CB89960000D2C0A /* FirebaseMessaging */ = {
			isa = XCSwiftPackageProductDependency;
			package = AF3177552CB89960000D2C0A /* XCRemoteSwiftPackageReference "firebase-ios-sdk" */;
			productName = FirebaseMessaging;
		};
		AF31777C2CB89960000D2C0A /* FirebasePerformance */ = {
			isa = XCSwiftPackageProductDependency;
			package = AF3177552CB89960000D2C0A /* XCRemoteSwiftPackageReference "firebase-ios-sdk" */;
			productName = FirebasePerformance;
		};
		AF31777E2CB89960000D2C0A /* FirebaseRemoteConfig */ = {
			isa = XCSwiftPackageProductDependency;
			package = AF3177552CB89960000D2C0A /* XCRemoteSwiftPackageReference "firebase-ios-sdk" */;
			productName = FirebaseRemoteConfig;
		};
		AF3177802CB89960000D2C0A /* FirebaseStorage */ = {
			isa = XCSwiftPackageProductDependency;
			package = AF3177552CB89960000D2C0A /* XCRemoteSwiftPackageReference "firebase-ios-sdk" */;
			productName = FirebaseStorage;
		};
		AF3177822CB89960000D2C0A /* FirebaseStorageCombine-Community */ = {
			isa = XCSwiftPackageProductDependency;
			package = AF3177552CB89960000D2C0A /* XCRemoteSwiftPackageReference "firebase-ios-sdk" */;
			productName = "FirebaseStorageCombine-Community";
		};
		AF3177842CB89960000D2C0A /* FirebaseVertexAI-Preview */ = {
			isa = XCSwiftPackageProductDependency;
			package = AF3177552CB89960000D2C0A /* XCRemoteSwiftPackageReference "firebase-ios-sdk" */;
			productName = "FirebaseVertexAI-Preview";
		};
		F74327012CACE7EE00E9608F /* Alamofire */ = {
			isa = XCSwiftPackageProductDependency;
			package = F74327002CACE7EE00E9608F /* XCRemoteSwiftPackageReference "Alamofire" */;
			productName = Alamofire;
		};
		F7756DF42CACB951008B1389 /* RouterKit */ = {
			isa = XCSwiftPackageProductDependency;
			package = F7756DF32CACB951008B1389 /* XCRemoteSwiftPackageReference "router-kit" */;
			productName = RouterKit;
		};
/* End XCSwiftPackageProductDependency section */
	};
	rootObject = AF362C832CACAAB400506443 /* Project object */;
}
